
Microsoft Visual Studio Solution File, Format Version 12.00
# Visual Studio Version 16
VisualStudioVersion = 16.0.31025.194
MinimumVisualStudioVersion = 10.0.40219.1
Project("{FAE04EC0-301F-11D3-BF4B-00C04F79EFBC}") = "Text_Editor", "Text_Editor\Text_Editor.csproj", "{C520AA5C-2855-4B61-A374-6E50AC353D6F}"
EndProject
Global
	GlobalSection(SolutionConfigurationPlatforms) = preSolution
		Debug|Any CPU = Debug|Any CPU
		Release|Any CPU = Release|Any CPU
	EndGlobalSection
	GlobalSection(ProjectConfigurationPlatforms) = postSolution
		{C520AA5C-2855-4B61-A374-6E50AC353D6F}.Debug|Any CPU.ActiveCfg = Debug|Any CPU
		{C520AA5C-2855-4B61-A374-6E50AC353D6F}.Debug|Any CPU.Build.0 = Debug|Any CPU
		{C520AA5C-2855-4B61-A374-6E50AC353D6F}.Release|Any CPU.ActiveCfg = Release|Any CPU
		{C520AA5C-2855-4B61-A374-6E50AC353D6F}.Release|Any CPU.Build.0 = Release|Any CPU
	EndGlobalSection
	GlobalSection(SolutionProperties) = preSolution
		HideSolutionNode = FALSE
	EndGlobalSection
	GlobalSection(ExtensibilityGlobals) = postSolution
		SolutionGuid = {272EE0E4-E231-4280-AF57-CEA1504D74B5}
	EndGlobalSection
EndGlobal
